
Microsoft Visual Studio Solution File, Format Version 12.00
# Visual Studio Version 16
VisualStudioVersion = 16.0.31205.134
MinimumVisualStudioVersion = 10.0.40219.1
Project("{FAE04EC0-301F-11D3-BF4B-00C04F79EFBC}") = "Data.Files", "Data.Files\Data.Files.csproj", "{4A3C8A7D-E385-4DF3-B2B5-549A95D6C8A8}"
EndProject
Global
	GlobalSection(SolutionConfigurationPlatforms) = preSolution
		Debug|Any CPU = Debug|Any CPU
		Release|Any CPU = Release|Any CPU
	EndGlobalSection
	GlobalSection(ProjectConfigurationPlatforms) = postSolution
		{4A3C8A7D-E385-4DF3-B2B5-549A95D6C8A8}.Debug|Any CPU.ActiveCfg = Debug|Any CPU
		{4A3C8A7D-E385-4DF3-B2B5-549A95D6C8A8}.Debug|Any CPU.Build.0 = Debug|Any CPU
		{4A3C8A7D-E385-4DF3-B2B5-549A95D6C8A8}.Release|Any CPU.ActiveCfg = Release|Any CPU
		{4A3C8A7D-E385-4DF3-B2B5-549A95D6C8A8}.Release|Any CPU.Build.0 = Release|Any CPU
	EndGlobalSection
	GlobalSection(SolutionProperties) = preSolution
		HideSolutionNode = FALSE
	EndGlobalSection
	GlobalSection(ExtensibilityGlobals) = postSolution
		SolutionGuid = {05C4B34D-0F34-4EB4-850A-1E37267CF933}
	EndGlobalSection
EndGlobal
