
Microsoft Visual Studio Solution File, Format Version 12.00
# Visual Studio Version 16
VisualStudioVersion = 16.0.31105.61
MinimumVisualStudioVersion = 10.0.40219.1
Project("{FAE04EC0-301F-11D3-BF4B-00C04F79EFBC}") = "Data.Users", "Data.Users\Data.Users.csproj", "{9D38E2FB-FAC5-4FDD-A612-D858BD321FCD}"
EndProject
Global
	GlobalSection(SolutionConfigurationPlatforms) = preSolution
		Debug|Any CPU = Debug|Any CPU
		Release|Any CPU = Release|Any CPU
	EndGlobalSection
	GlobalSection(ProjectConfigurationPlatforms) = postSolution
		{9D38E2FB-FAC5-4FDD-A612-D858BD321FCD}.Debug|Any CPU.ActiveCfg = Debug|Any CPU
		{9D38E2FB-FAC5-4FDD-A612-D858BD321FCD}.Debug|Any CPU.Build.0 = Debug|Any CPU
		{9D38E2FB-FAC5-4FDD-A612-D858BD321FCD}.Release|Any CPU.ActiveCfg = Release|Any CPU
		{9D38E2FB-FAC5-4FDD-A612-D858BD321FCD}.Release|Any CPU.Build.0 = Release|Any CPU
	EndGlobalSection
	GlobalSection(SolutionProperties) = preSolution
		HideSolutionNode = FALSE
	EndGlobalSection
	GlobalSection(ExtensibilityGlobals) = postSolution
		SolutionGuid = {BB93CB8B-FE7E-4D34-AAD7-BA21FEBFEC2C}
	EndGlobalSection
EndGlobal
